lockfileVersion: '9.0'

settings:
  autoInstallPeers: true
  excludeLinksFromLockfile: false

importers:

  .:
    dependencies:
      '@sableclient/twemoji-font':
        specifier: ^1.0.4
        version: 1.0.4
    devDependencies:
      '@rsbuild/core':
        specifier: ^2.1.13
        version: 2.1.13
      '@rsbuild/plugin-sass':
        specifier: ^2.0.1
        version: 2.0.1(@rsbuild/core@2.1.13)

packages:

  '@bufbuild/protobuf@2.14.0':
    resolution: {integrity: sha512-C3UGsiCwSprE2NKIIFA3hCDlpXTMCAXRZuEVp88L1GY36Y41+rYL5fryE+nOFhp4p4JPQvdV8PQ4DWgHgeTE+w==}

  '@emnapi/core@1.11.3':
    resolution: {integrity: sha512-zLpS5asjEb7lq8jYLq37N6XKaE41DIexlY1rF/z4/tIl3wo13Sqm28fRyfIsKZD+NZ8mM5RoKkpW/rBcuoSZSg==}

  '@emnapi/runtime@1.11.3':
    resolution: {integrity: sha512-Xz4Tpyki7XyrpbUK1jR1AhdAdaXyhhY4lZ3neLodmhpuWfy2PAQN5B46sAiU4liOXGLkHypn/qU+jvfWSCYYLA==}

  '@emnapi/wasi-threads@1.2.3':
    resolution: {integrity: sha512-ELEBe8PsLvvJ6QMr0zLt8ffvOHW/dc1m3CEzNMg7aJUv3bMaoDtw2TXyDAwkYBuroxxuHEwhRTLJSe5sya547g==}

  '@napi-rs/wasm-runtime@1.1.6':
    resolution: {integrity: sha512-ZLv/JdUfkvOy9eCnnBaGfiO+XimbjebAeO+MRQqD/B+FR1tnRN0tpKSJHRbE8sFfS6aqsXZ67TQjfwfsxULVbg==}
    peerDependencies:
      '@emnapi/core': ^1.7.1
      '@emnapi/runtime': ^1.7.1

  '@parcel/watcher-android-arm64@2.6.0':
    resolution: {integrity: sha512-trgpLSCKRC/huFjXX/Smh+0sWe4+YtKfktIToiMl59ghz7z+qkH6kMvNnUbLyRs9N11t8l4svSCs1+5B3rOAhA==}
    engines: {node: '>= 10.0.0'}
    cpu: [arm64]
    os: [android]

  '@parcel/watcher-darwin-arm64@2.6.0':
    resolution: {integrity: sha512-Y3QV0gl7Q1zbfueunkWIERICbEojQFCgpyG7YqOGNFLsckXyI1xu9mAIUpKY9QBYzBtSkN8dBPwd3yiAO9ovMw==}
    engines: {node: '>= 10.0.0'}
    cpu: [arm64]
    os: [darwin]

  '@parcel/watcher-darwin-x64@2.6.0':
    resolution: {integrity: sha512-Ohv6OpzhUfKYD7Beb8kDvG0jbIxORCYY1JRdZnaBtnjjkJxgD7ZVL0nw2sCYd0yTMKTvz3nnTnOF3cDifK+kvw==}
    engines: {node: '>= 10.0.0'}
    cpu: [x64]
    os: [darwin]

  '@parcel/watcher-freebsd-x64@2.6.0':
    resolution: {integrity: sha512-5HmXvDgs8VK+74jF9y9/2FE3/OnlcKmc56tjmSrEuZjpSZOGL+fvAu+HKJBdPs9uwoP2hE6TlSUpXZ/C5jUFmQ==}
    engines: {node: '>= 10.0.0'}
    cpu: [x64]
    os: [freebsd]

  '@parcel/watcher-linux-arm-glibc@2.6.0':
    resolution: {integrity: sha512-Ps/hui3A+vMbjdqlqAowK2ZL8+BO8dBjxeWXj6npTBs3jx4wWmbPpaLuqwrQrSqIVMCnpWo238bJ1U37GhQOYg==}
    engines: {node: '>= 10.0.0'}
    cpu: [arm]
    os: [linux]
    libc: [glibc]

  '@parcel/watcher-linux-arm-musl@2.6.0':
    resolution: {integrity: sha512-9c6AUHgHoG+IY88MRIHupztQiQnrbqHYQjkM2btA+Bf/wQnQMuiD0Wfk1EVv3TlNT3x41uU71rn6E4xh/+zvkw==}
    engines: {node: '>= 10.0.0'}
    cpu: [arm]
    os: [linux]
    libc: [musl]

  '@parcel/watcher-linux-arm64-glibc@2.6.0':
    resolution: {integrity: sha512-yHRqS2owEXe6Hic9z6Mh1ECsCd+ODVOGvZDyciqRd21+v+o+DnXMOrw50DSpIG2sb8GPEaPPmfeCAWKPJdq46g==}
    engines: {node: '>= 10.0.0'}
    cpu: [arm64]
    os: [linux]
    libc: [glibc]

  '@parcel/watcher-linux-arm64-musl@2.6.0':
    resolution: {integrity: sha512-WhB2e/V7rqdHHWZusBSPuy5Ei8S6lSz6FE5TKKQz5h3a0O+C+mhY7vxU9b/stqvMb8beLnPY82ZrFTLKs+SrKA==}
    engines: {node: '>= 10.0.0'}
    cpu: [arm64]
    os: [linux]
    libc: [musl]

  '@parcel/watcher-linux-x64-glibc@2.6.0':
    resolution: {integrity: sha512-ulGE6x6Oz6iAwg75T8YQSoguBWasniIbX+QWpaYPcCnDOpdWX3k+4xbEYPZVLxOuoJI+svJJPD3sEj8G7lrQ3A==}
    engines: {node: '>= 10.0.0'}
    cpu: [x64]
    os: [linux]
    libc: [glibc]

  '@parcel/watcher-linux-x64-musl@2.6.0':
    resolution: {integrity: sha512-tkBYKt7YQrjIJWYDnto2YgO8MRkjlMTSNoRHzsXinBqbLdeOM3L32wPZJvIZxqaLMfSlS/4sUjH/6STVP/XDLw==}
    engines: {node: '>= 10.0.0'}
    cpu: [x64]
    os: [linux]
    libc: [musl]

  '@parcel/watcher-win32-arm64@2.6.0':
    resolution: {integrity: sha512-gIZAP23jaHjGWasY/TY6yL7NHFClf0Ga7FN+iINvk+KN94rhm94lYZhFsbYFNcA04/onvGD9kKmiJLJB2HbNwQ==}
    engines: {node: '>= 10.0.0'}
    cpu: [arm64]
    os: [win32]

  '@parcel/watcher-win32-x64@2.6.0':
    resolution: {integrity: sha512-cA+/pXV2YkfxlIcXOQ5fSWqAzzPyD78/x5qbK/I0vUkrlYHA8TIz+MXjAbGouguKVSI4bOmkTSJ1/poVSsgt+A==}
    engines: {node: '>= 10.0.0'}
    cpu: [x64]
    os: [win32]

  '@parcel/watcher@2.6.0':
    resolution: {integrity: sha512-7FNeNl8NCE7aINx7WXiKQrPYZWC/hvrTsmk6zmxbI7LTXE7hVek/n8AfVgpe2y82zl3w0HvCHN0bVKMBoJcC0w==}
    engines: {node: '>= 10.0.0'}

  '@rsbuild/core@2.1.13':
    resolution: {integrity: sha512-Z+6MzmjOio4+bFZQ24k+7ge/oNCOdXIunAssrswTNE8AIf6mcyXpJZevRXRiOEMZasRPA8VNyh+9JngQLg729Q==}
    engines: {node: ^20.19.0 || >=22.12.0}
    hasBin: true
    peerDependencies:
      core-js: '>= 3.0.0'
    peerDependenciesMeta:
      core-js:
        optional: true

  '@rsbuild/plugin-sass@2.0.1':
    resolution: {integrity: sha512-BZRpVTZW+za+sv84nYYdIjR7XwVqyS8+1wAha/7BvQ1igdzlmT6xPd6h4jTWfNzdHuzIHZsuWY7kPS/ybzcndA==}
    peerDependencies:
      '@rsbuild/core': ^2.0.0
    peerDependenciesMeta:
      '@rsbuild/core':
        optional: true

  '@rspack/binding-darwin-arm64@2.1.10':
    resolution: {integrity: sha512-DZlcTpbIb2mjeS1aSG4k01UH33Zj7T+k8ZylPK6HmsKs4JvK4wgpWFC78WVv3p/Aj3MZS6DwtDLwpZ2Ihj/fpg==}
    cpu: [arm64]
    os: [darwin]

  '@rspack/binding-darwin-x64@2.1.10':
    resolution: {integrity: sha512-my/0h2LwxCRT6cg3oDDC2e0ZOxQLVajAdIcv0fqnQk5JRNvVuL89PuTutitnSqie1A0/JSL8OQz5XHwmoS3kow==}
    cpu: [x64]
    os: [darwin]

  '@rspack/binding-linux-arm64-gnu@2.1.10':
    resolution: {integrity: sha512-laevn9g+E5PAUEGqiKe6Ju5KApsuQYp+bPI17XS3Lkl8eqL5pS/BmHYU7QMlst4GzV8+wlruVTMh//+st6Vqzg==}
    cpu: [arm64]
    os: [linux]
    libc: [glibc]

  '@rspack/binding-linux-arm64-musl@2.1.10':
    resolution: {integrity: sha512-V71+Qz5G72+ROZXrJn5zxOszdG1AEbO8pcC/itXXtf4yRR6a3bVHKNKGhipBNxb8eI6cnD/01FH1h3ZG655jLw==}
    cpu: [arm64]
    os: [linux]
    libc: [musl]

  '@rspack/binding-linux-ppc64-gnu@2.1.10':
    resolution: {integrity: sha512-U7HlNzHcDtZ+LYOtOJmtx67kHEybZzUUAaP7aEXjGYO5WTCgh/176sW2UYP0rmZLrgUNFUuzn+B98RLaClNaVg==}
    cpu: [ppc64]
    os: [linux]
    libc: [glibc]

  '@rspack/binding-linux-riscv64-gnu@2.1.10':
    resolution: {integrity: sha512-GMGTJpy9/ecE+5F5IfxZH4bXv0Wx/b2TiehTlCbTksbL+pKpLHYy0rwGdjWDKbmBkhxMMqPiC7PDnn9LbdnnLA==}
    cpu: [riscv64]
    os: [linux]
    libc: [glibc]

  '@rspack/binding-linux-riscv64-musl@2.1.10':
    resolution: {integrity: sha512-rkurnAWc04vIbzG1QCrPBWSJadZvaOt1mazFH3EdiJO8VUiu0I1T9zdiwuDOPrd50lOKIZlcTXbd5aaAkWEnvQ==}
    cpu: [riscv64]
    os: [linux]
    libc: [musl]

  '@rspack/binding-linux-s390x-gnu@2.1.10':
    resolution: {integrity: sha512-X+DyxkriZEAF/wihI7ERDv+CAS0mbMv36aEuQ+vXzTlvS6cSmpou/r29AHbvIF3NlG1UeAbDVlOs9QrMBZjpUQ==}
    cpu: [s390x]
    os: [linux]
    libc: [glibc]

  '@rspack/binding-linux-x64-gnu@2.1.10':
    resolution: {integrity: sha512-Fat09V6jUuyo9qG7Wyj9cQ31VDfLmokXyBtGqKxY5OvSWHereB7QUub5btbPXHwbp6Iq4aAQyUbbLTzvR1YaBw==}
    cpu: [x64]
    os: [linux]
    libc: [glibc]

  '@rspack/binding-linux-x64-musl@2.1.10':
    resolution: {integrity: sha512-lhHOnIJ4ClpIlA1f1L8aoxEZivYLjnjq5A6jKKz7BKsm+cHK8kqqEm6lO5KqA5xQT0Lonq1o28bmKHEj6JHInw==}
    cpu: [x64]
    os: [linux]
    libc: [musl]

  '@rspack/binding-wasm32-wasi@2.1.10':
    resolution: {integrity: sha512-KY5YbWbuvYcoaLXnV+vzZOvGRCeb6jt4EpVpKdph1h1IJjwX/ju15EQ+GOe3iecZEdf0OttQcNVcwBkLkFT9ag==}
    cpu: [wasm32]

  '@rspack/binding-win32-arm64-msvc@2.1.10':
    resolution: {integrity: sha512-z4GWzMLofaDGpAt9Z+MlN88LlUBDm+zM6R2GdOOPM6/4g/h3/+47OP7casmSL3AwTGYBEJqogwt08sRSosB6Cg==}
    cpu: [arm64]
    os: [win32]

  '@rspack/binding-win32-ia32-msvc@2.1.10':
    resolution: {integrity: sha512-7qcWdsZ+GuGtzKjqgy7wTN7Dso/ezIY8yhx1r2yIbcczdmXj4FhaEampMDp/25HwtKwIGBBoh6HHSt3JWxpTUg==}
    cpu: [ia32]
    os: [win32]

  '@rspack/binding-win32-x64-msvc@2.1.10':
    resolution: {integrity: sha512-pgp23pLrzfhGnKycxzr7ifP17lAbWZEfnx1bX8gXtYrnpJ66DRNyTKSzxB6sa/HBWjS1L8PX5TjMZ44WfPydqQ==}
    cpu: [x64]
    os: [win32]

  '@rspack/binding@2.1.10':
    resolution: {integrity: sha512-vnu/UP5HnrND15lO9+VeG6eUrbTyycHNQNQ3XEiRiFojuoiGZkIZC3Hbzr8qQH44C6vScPODEPvvIVvLcO2LpQ==}

  '@rspack/core@2.1.10':
    resolution: {integrity: sha512-YSS2/Xxz8uiG/KXDkqOoA3dTetNo/vysk7bAexQOrU8iuq7JuzDTTAwLKvWZnwmvME8M8m5wcM4YvfIwYmidHA==}
    engines: {node: ^20.19.0 || >=22.12.0}
    peerDependencies:
      '@module-federation/runtime-tools': ^0.24.1 || ^2.0.0
      '@swc/helpers': ^0.5.23
    peerDependenciesMeta:
      '@module-federation/runtime-tools':
        optional: true
      '@swc/helpers':
        optional: true

  '@sableclient/twemoji-font@1.0.4':
    resolution: {integrity: sha512-LzvQB/VZtv5KEq1VYq2azr7v7cYT8oklOVRGkAN2RNwa3sF0XcnqM3lBHSYRFXQleGLSUgs3gA0slbwkD2+sJw==}

  '@swc/helpers@0.5.23':
    resolution: {integrity: sha512-5lSsMOTXURePglDfvuAQUqkGek9Hg2kksOYay2m0+XR++b2NWYL/4sWyuvVBIs8oKnJaxkdi9whaL/sqN13afw==}

  '@tybys/wasm-util@0.10.3':
    resolution: {integrity: sha512-F3fo1MYrRJYL3zER0OUOmkutjr1Vp23m7OsSgp7nq4SP6OqX6C/56XFIPAl5bt3zaBRjmW7SGz3u/6LwFpYcOg==}

  big.js@5.2.2:
    resolution: {integrity: sha512-vyL2OymJxmarO8gxMr0mhChsO9QGwhynfuu4+MHTAW6czfq9humCB7rKpUjDd9YUiDPU4mzpyupFSvOClAwbmQ==}

  chokidar@5.0.0:
    resolution: {integrity: sha512-TQMmc3w+5AxjpL8iIiwebF73dRDF4fBIieAqGn9RGCWaEVwQ6Fb2cGe31Yns0RRIzii5goJ1Y7xbMwo1TxMplw==}
    engines: {node: '>= 20.19.0'}

  colorjs.io@0.7.1:
    resolution: {integrity: sha512-LY7OHnJZxHwT5UlzNa9bbhHHDbzB6yE5+3MIPwJEQKRvSCt/T4G7epsj+9j2BExUIIfXFIJGsIXUKdfrK9Q5tA==}

  deepmerge@4.3.1:
    resolution: {integrity: sha512-3sUqbMEc77XqpdNO7FRyRog+eW3ph+GYCbj+rK+uYyRMuwsVy0rMiVtPn+QJlKFvWP/1PYpapqYn0Me2knFn+A==}
    engines: {node: '>=0.10.0'}

  detect-libc@2.1.2:
    resolution: {integrity: sha512-Btj2BOOO83o3WyH59e8MgXsxEQVcarkUOpEYrubB0urwnN10yQ364rsiByU11nZlqWYZm05i/of7io4mzihBtQ==}
    engines: {node: '>=8'}

  emojis-list@3.0.0:
    resolution: {integrity: sha512-/kyM18EfinwXZbno9FyUGeFh87KC8HRQBQGildHZbEuRyWFOmv1U10o9BBp8XVZDVNNuQKyIGIu5ZYAAXJ0V2Q==}
    engines: {node: '>= 4'}

  has-flag@4.0.0:
    resolution: {integrity: sha512-EykJT/Q1KjTWctppgIAgfSO0tKVuZUjhgMr17kqTumMl6Afv3EISleU7qZUzoXDFTAHTDC4NOoG/ZxU3EvlMPQ==}
    engines: {node: '>=8'}

  immutable@5.1.9:
    resolution: {integrity: sha512-m8nVez3rwrgmWxtLMt1ZYXB2Lv7OKYn/disyxAlSDYAlKSlFoPPfIAmAM/M5xqL4m4C/wAPw7S2/CNaUii1Hxg==}

  is-extglob@2.1.1:
    resolution: {integrity: sha512-SbKbANkN603Vi4jEZv49LeVJMn4yGwsbzZworEoyEiutsN3nJYdbO36zfhGJ6QEDpOZIFkDtnq5JRxmvl3jsoQ==}
    engines: {node: '>=0.10.0'}

  is-glob@4.0.3:
    resolution: {integrity: sha512-xelSayHH36ZgE7ZWhli7pW34hNbNl8Ojv5KVmkJD4hBdD3th8Tfk9vYasLM+mXWOZhFkgZfxhLSnrwRr4elSSg==}
    engines: {node: '>=0.10.0'}

  json5@2.2.3:
    resolution: {integrity: sha512-XmOWe7eyHYH14cLdVPoyg+GOH3rYX++KpzrylJwSW98t3Nk+U8XOl8FWKOgwtzdb8lXGf6zYwDUzeHMWfxasyg==}
    engines: {node: '>=6'}
    hasBin: true

  loader-utils@2.0.4:
    resolution: {integrity: sha512-xXqpXoINfFhgua9xiqD8fPFHgkoq1mmmpE92WlDbm9rNRd/EbRb+Gqf908T2DMfuHjjJlksiK2RbHVOdD/MqSw==}
    engines: {node: '>=8.9.0'}

  nanoid@3.3.18:
    resolution: {integrity: sha512-DTg4MJbGMWkfi6VZFdNt2/caMbQy4Ou+Op/hJQvGEWcnVfoA1QA+xzRKAzw9jD6+GVOOeYr/mIcuDSdug6F6+w==}
    engines: {node: ^10 || ^12 || ^13.7 || ^14 || >=15.0.1}
    hasBin: true

  node-addon-api@7.1.1:
    resolution: {integrity: sha512-5m3bsyrjFWE1xf7nz7YXdN4udnVtXK6/Yfgn5qnahL6bCkf2yKt4k3nuTKAtT4r3IG8JNR2ncsIMdZuAzJjHQQ==}

  picocolors@1.1.1:
    resolution: {integrity: sha512-xceH2snhtb5M9liqDsmEw56le376mTZkEX/jEb/RxNFyegNul7eNslCXP9FDj/Lcu0X8KEyMceP2ntpaHrDEVA==}

  picomatch@4.0.5:
    resolution: {integrity: sha512-RvwwcruNjI1ncT5xRakeyS9Lf8lcItv34KD+aif+VH9kduAyfYBipGh12274xtenIPZ119/R9BdTBa8gAwSh0A==}
    engines: {node: '>=12'}

  postcss@8.5.26:
    resolution: {integrity: sha512-u82N74LFzG8ca+dD8puPnplTXoGH4fTPpVGuIbt36G3qvNlkvfD0lEAZSxaly3KX8TS/L1A1gsCEmvKmBcVbkQ==}
    engines: {node: ^10 || ^12 || >=14}

  readdirp@5.1.1:
    resolution: {integrity: sha512-Kko+Y5XQ6fM+Ce3dq3m9YGxnacYZYl9cA1wZjaF3Vbry2L3i1qVg8+CAgNPsXRArPMUMCaOR7oa9Nqntc43JKA==}
    engines: {node: '>= 20.19.0'}

  reduce-configs@2.0.1:
    resolution: {integrity: sha512-H9KTCWTEb1YM1OoOz0f6TeGZYlW82sIT1viNg3W8CjjY0pD3WI4MHs8GifKt5FKTVIfHh/DenfJqqY+FP9jF2A==}

  rxjs@7.8.2:
    resolution: {integrity: sha512-dhKf903U/PQZY6boNNtAGdWbG85WAbjT/1xYoZIC7FAY0yWapOBQVsVrDl58W86//e1VpMNBtRV4MaXfdMySFA==}

  sass-embedded-all-unknown@1.103.1:
    resolution: {integrity: sha512-MwX2ap06TbImAqlbnH6EndgBBejk6Eq2QB6Ae2hukCn9wmXf9cRu27um3mz3tyB4oJOOku0xfHqFH/+ckYj6YA==}
    cpu: ['!arm', '!arm64', '!riscv64', '!x64']

  sass-embedded-android-arm64@1.103.1:
    resolution: {integrity: sha512-jBXWMksyz55XeLOWvQs64BqiG5DcqflmMxcvMoA2oHtQT/7XZ02hBn502qpcF/q8Qd+qqG/hU5ccM+hGXrbQZw==}
    engines: {node: '>=14.0.0'}
    cpu: [arm64]
    os: [android]

  sass-embedded-android-arm@1.103.1:
    resolution: {integrity: sha512-p36WHpsu5HEo2+NVNbI2Nmb8VgVH0xwOQyzghvZhF7ikGCzEVYI5BP28vHUZlCcgj2TUvMEJKI2lV336a+F/sg==}
    engines: {node: '>=14.0.0'}
    cpu: [arm]
    os: [android]

  sass-embedded-android-riscv64@1.103.1:
    resolution: {integrity: sha512-rzrH7RNntk0rx+zCE9xOiAIUt37D1cQKvFfcoX0xiePdGbNHBN8DWKaWN9vaCRfbgKCmxPjevzaqFNI/G/8E1A==}
    engines: {node: '>=14.0.0'}
    cpu: [riscv64]
    os: [android]

  sass-embedded-android-x64@1.103.1:
    resolution: {integrity: sha512-EQglAJXJutuIcqgZf7YOwzao2ND6ow/OgqN+cM48/Qaeb6AimYmZiUJmM9FFcmS3Q2n1k6/2OU3l3Hlin7bFpw==}
    engines: {node: '>=14.0.0'}
    cpu: [x64]
    os: [android]

  sass-embedded-darwin-arm64@1.103.1:
    resolution: {integrity: sha512-rlaBeCul8pLbDRKdBAxdDxSBwFU5fbX42ci6CxW2Vbs34jWTMQ72+nE2v2KkGGce+JnYbb7UV6xDP/4uDWWi+w==}
    engines: {node: '>=14.0.0'}
    cpu: [arm64]
    os: [darwin]

  sass-embedded-darwin-x64@1.103.1:
    resolution: {integrity: sha512-VSKFfhI//AOct6ppFmAaSH7tlW2LOFECMGs77jIoWf0ZjvGch/3sc9lUTTdIaYIOnTS4qpZck+8OcI2D0G92QA==}
    engines: {node: '>=14.0.0'}
    cpu: [x64]
    os: [darwin]

  sass-embedded-linux-arm64@1.103.1:
    resolution: {integrity: sha512-rC+80/Xr9svo0ka2Zr/sjD+N1zEHTw2Urm/nsEjaVp5HSH2i22jwhTKTIqie2OLl6ti+qdYnbI0sSfxOYRtgrg==}
    engines: {node: '>=14.0.0'}
    cpu: [arm64]
    os: [linux]
    libc: glibc

  sass-embedded-linux-arm@1.103.1:
    resolution: {integrity: sha512-tJRLPUtBwXHTnBnG7I39gQvCLreuOHLLCMyKHPR1hQ7aFNwiZjADYzKMRQPNMUqti/Os9z+6I7V13FqgQHfuzg==}
    engines: {node: '>=14.0.0'}
    cpu: [arm]
    os: [linux]
    libc: glibc

  sass-embedded-linux-musl-arm64@1.103.1:
    resolution: {integrity: sha512-jMgG/C/VMo7+ShMFdk0xjJmQmYkj1PbJu/yrQiaQHpuo5pE2G+vnkEgsuM5EM3lTQ4MbMfnf715qy1fkbNPiUQ==}
    engines: {node: '>=14.0.0'}
    cpu: [arm64]
    os: [linux]
    libc: musl

  sass-embedded-linux-musl-arm@1.103.1:
    resolution: {integrity: sha512-N8L/kgVzXpnH+8d6ErIzqvb0l8kHODR3OfPaf0Azw6DOLGtEjwDRUbHno+G7iogGzyPOjKsM8OdyqHJj/bpTdw==}
    engines: {node: '>=14.0.0'}
    cpu: [arm]
    os: [linux]
    libc: musl

  sass-embedded-linux-musl-riscv64@1.103.1:
    resolution: {integrity: sha512-LZm8rEvI6sKU87qPOlODsYeAs7CmWy0B4ShYkjG4OMcGCcV4Ffxn25XW4TFqmruThITQvJ8WT+WGblzdoxYgbA==}
    engines: {node: '>=14.0.0'}
    cpu: [riscv64]
    os: [linux]
    libc: musl

  sass-embedded-linux-musl-x64@1.103.1:
    resolution: {integrity: sha512-rmKzgk4t6RpaDhSefbbnk5yrA4pk1nHlVhJECGay8yMfzK8eglATeY9fzPgt89xCuQk6rkOiy11e+m8tLYOW5Q==}
    engines: {node: '>=14.0.0'}
    cpu: [x64]
    os: [linux]
    libc: musl

  sass-embedded-linux-riscv64@1.103.1:
    resolution: {integrity: sha512-xydQmtxla31uMrmN6z+mAogVGdEMDmkUElVq2+udomX/TPZDYJBkApEyJl237M2VLWVv29v1N4U4i2Z4xa7SDA==}
    engines: {node: '>=14.0.0'}
    cpu: [riscv64]
    os: [linux]
    libc: glibc

  sass-embedded-linux-x64@1.103.1:
    resolution: {integrity: sha512-Rln1oWm0MWKzzemOgQWrRFzfVBARwS9qxAidZPpCQHSohzPnWizFkmY1CUJad/YJNsA7sscueMdX63OEvxoM8w==}
    engines: {node: '>=14.0.0'}
    cpu: [x64]
    os: [linux]
    libc: glibc

  sass-embedded-unknown-all@1.103.1:
    resolution: {integrity: sha512-p7kI4US8+n+YguKczXh+4KcodJnk+8cwv+QFdvMaz3OfPrdHV0EnhPsaVDWD9qXb1XXCEdUhpp6vQwGk3eKc3A==}
    os: ['!android', '!darwin', '!linux', '!win32']

  sass-embedded-win32-arm64@1.103.1:
    resolution: {integrity: sha512-/0renOj3SpZGu4TA8CZJ6qZbTxGZk1khkPfiBTmV1uFB40ESYM5VsdXNj76P07bsAjIj9X2fCjTafLQFLSd9Nw==}
    engines: {node: '>=14.0.0'}
    cpu: [arm64]
    os: [win32]

  sass-embedded-win32-x64@1.103.1:
    resolution: {integrity: sha512-fIg60j9u5YlLUU3W8FvySMR4HHIo9R12HHFQTW7njyQ8nXqgR+t+XfCzGJloQka8g583BlAfu31Q76Ljr5o+9g==}
    engines: {node: '>=14.0.0'}
    cpu: [x64]
    os: [win32]

  sass-embedded@1.103.1:
    resolution: {integrity: sha512-UVIuFZPzz+4DXYbHzQ5gKaKkyP2IH3Sc/WoF63N2V7QIfnC2E9UpQAtiKlCVJTfBe43HRgHDBLnXpZkYAEBsNQ==}
    engines: {node: '>=20.19.0'}
    hasBin: true

  sass@1.103.1:
    resolution: {integrity: sha512-9icZURbP51S6S0QGoyaeqk9uB06GNWxsFYWfH5RgpFgqK5FA8tJcM3AdVxrZEVJ7dz+L87nG95gBKf4VuaMHGw==}
    engines: {node: '>=20.19.0'}
    hasBin: true

  source-map-js@1.2.1:
    resolution: {integrity: sha512-UXWMKhLOwVKb728IUtQPXxfYU+usdybtUrK/8uGE8CQMvrhOpwvzDBwj0QhSL7MQc7vIsISBG8VQ8+IDQxpfQA==}
    engines: {node: '>=0.10.0'}

  supports-color@8.1.1:
    resolution: {integrity: sha512-MpUEN2OodtUzxvKQl72cUF7RQ5EiHsGvSsVG0ia9c5RbWGL2CI4C7EpPS8UTBIplnlzZiNuV56w+FuNxy3ty2Q==}
    engines: {node: '>=10'}

  sync-child-process@1.0.2:
    resolution: {integrity: sha512-8lD+t2KrrScJ/7KXCSyfhT3/hRq78rC0wBFqNJXv3mZyn6hW2ypM05JmlSvtqRbeq6jqA94oHbxAr2vYsJ8vDA==}
    engines: {node: '>=16.0.0'}

  sync-message-port@1.2.0:
    resolution: {integrity: sha512-gAQ9qrUN/UCypHtGFbbe7Rc/f9bzO88IwrG8TDo/aMKAApKyD6E3W4Cm0EfhfBb6Z6SKt59tTCTfD+n1xmAvMg==}
    engines: {node: '>=16.0.0'}

  tslib@2.8.1:
    resolution: {integrity: sha512-oJFu94HQb+KVduSUQL7wnpmqnfmLsOA/nAh6b6EH0wCEoK0/mPeXU6c3wKDV83MkOuHPRHtSXKKU99IBazS/2w==}

  varint@6.0.0:
    resolution: {integrity: sha512-cXEIW6cfr15lFv563k4GuVuW/fiwjknytD37jIOLSdSWuOI6WnO/oKwmP2FQTU2l01LP8/M5TSAJpzUaGe3uWg==}

snapshots:

  '@bufbuild/protobuf@2.14.0': {}

  '@emnapi/core@1.11.3':
    dependencies:
      '@emnapi/wasi-threads': 1.2.3
      tslib: 2.8.1
    optional: true

  '@emnapi/runtime@1.11.3':
    dependencies:
      tslib: 2.8.1
    optional: true

  '@emnapi/wasi-threads@1.2.3':
    dependencies:
      tslib: 2.8.1
    optional: true

  '@napi-rs/wasm-runtime@1.1.6(@emnapi/core@1.11.3)(@emnapi/runtime@1.11.3)':
    dependencies:
      '@emnapi/core': 1.11.3
      '@emnapi/runtime': 1.11.3
      '@tybys/wasm-util': 0.10.3
    optional: true

  '@parcel/watcher-android-arm64@2.6.0':
    optional: true

  '@parcel/watcher-darwin-arm64@2.6.0':
    optional: true

  '@parcel/watcher-darwin-x64@2.6.0':
    optional: true

  '@parcel/watcher-freebsd-x64@2.6.0':
    optional: true

  '@parcel/watcher-linux-arm-glibc@2.6.0':
    optional: true

  '@parcel/watcher-linux-arm-musl@2.6.0':
    optional: true

  '@parcel/watcher-linux-arm64-glibc@2.6.0':
    optional: true

  '@parcel/watcher-linux-arm64-musl@2.6.0':
    optional: true

  '@parcel/watcher-linux-x64-glibc@2.6.0':
    optional: true

  '@parcel/watcher-linux-x64-musl@2.6.0':
    optional: true

  '@parcel/watcher-win32-arm64@2.6.0':
    optional: true

  '@parcel/watcher-win32-x64@2.6.0':
    optional: true

  '@parcel/watcher@2.6.0':
    dependencies:
      detect-libc: 2.1.2
      is-glob: 4.0.3
      node-addon-api: 7.1.1
      picomatch: 4.0.5
    optionalDependencies:
      '@parcel/watcher-android-arm64': 2.6.0
      '@parcel/watcher-darwin-arm64': 2.6.0
      '@parcel/watcher-darwin-x64': 2.6.0
      '@parcel/watcher-freebsd-x64': 2.6.0
      '@parcel/watcher-linux-arm-glibc': 2.6.0
      '@parcel/watcher-linux-arm-musl': 2.6.0
      '@parcel/watcher-linux-arm64-glibc': 2.6.0
      '@parcel/watcher-linux-arm64-musl': 2.6.0
      '@parcel/watcher-linux-x64-glibc': 2.6.0
      '@parcel/watcher-linux-x64-musl': 2.6.0
      '@parcel/watcher-win32-arm64': 2.6.0
      '@parcel/watcher-win32-x64': 2.6.0
    optional: true

  '@rsbuild/core@2.1.13':
    dependencies:
      '@rspack/core': 2.1.10(@swc/helpers@0.5.23)
      '@swc/helpers': 0.5.23
    transitivePeerDependencies:
      - '@module-federation/runtime-tools'

  '@rsbuild/plugin-sass@2.0.1(@rsbuild/core@2.1.13)':
    dependencies:
      deepmerge: 4.3.1
      loader-utils: 2.0.4
      postcss: 8.5.26
      reduce-configs: 2.0.1
      sass-embedded: 1.103.1
    optionalDependencies:
      '@rsbuild/core': 2.1.13

  '@rspack/binding-darwin-arm64@2.1.10':
    optional: true

  '@rspack/binding-darwin-x64@2.1.10':
    optional: true

  '@rspack/binding-linux-arm64-gnu@2.1.10':
    optional: true

  '@rspack/binding-linux-arm64-musl@2.1.10':
    optional: true

  '@rspack/binding-linux-ppc64-gnu@2.1.10':
    optional: true

  '@rspack/binding-linux-riscv64-gnu@2.1.10':
    optional: true

  '@rspack/binding-linux-riscv64-musl@2.1.10':
    optional: true

  '@rspack/binding-linux-s390x-gnu@2.1.10':
    optional: true

  '@rspack/binding-linux-x64-gnu@2.1.10':
    optional: true

  '@rspack/binding-linux-x64-musl@2.1.10':
    optional: true

  '@rspack/binding-wasm32-wasi@2.1.10':
    dependencies:
      '@emnapi/core': 1.11.3
      '@emnapi/runtime': 1.11.3
      '@napi-rs/wasm-runtime': 1.1.6(@emnapi/core@1.11.3)(@emnapi/runtime@1.11.3)
    optional: true

  '@rspack/binding-win32-arm64-msvc@2.1.10':
    optional: true

  '@rspack/binding-win32-ia32-msvc@2.1.10':
    optional: true

  '@rspack/binding-win32-x64-msvc@2.1.10':
    optional: true

  '@rspack/binding@2.1.10':
    optionalDependencies:
      '@rspack/binding-darwin-arm64': 2.1.10
      '@rspack/binding-darwin-x64': 2.1.10
      '@rspack/binding-linux-arm64-gnu': 2.1.10
      '@rspack/binding-linux-arm64-musl': 2.1.10
      '@rspack/binding-linux-ppc64-gnu': 2.1.10
      '@rspack/binding-linux-riscv64-gnu': 2.1.10
      '@rspack/binding-linux-riscv64-musl': 2.1.10
      '@rspack/binding-linux-s390x-gnu': 2.1.10
      '@rspack/binding-linux-x64-gnu': 2.1.10
      '@rspack/binding-linux-x64-musl': 2.1.10
      '@rspack/binding-wasm32-wasi': 2.1.10
      '@rspack/binding-win32-arm64-msvc': 2.1.10
      '@rspack/binding-win32-ia32-msvc': 2.1.10
      '@rspack/binding-win32-x64-msvc': 2.1.10

  '@rspack/core@2.1.10(@swc/helpers@0.5.23)':
    dependencies:
      '@rspack/binding': 2.1.10
    optionalDependencies:
      '@swc/helpers': 0.5.23

  '@sableclient/twemoji-font@1.0.4': {}

  '@swc/helpers@0.5.23':
    dependencies:
      tslib: 2.8.1

  '@tybys/wasm-util@0.10.3':
    dependencies:
      tslib: 2.8.1
    optional: true

  big.js@5.2.2: {}

  chokidar@5.0.0:
    dependencies:
      readdirp: 5.1.1
    optional: true

  colorjs.io@0.7.1: {}

  deepmerge@4.3.1: {}

  detect-libc@2.1.2:
    optional: true

  emojis-list@3.0.0: {}

  has-flag@4.0.0: {}

  immutable@5.1.9: {}

  is-extglob@2.1.1:
    optional: true

  is-glob@4.0.3:
    dependencies:
      is-extglob: 2.1.1
    optional: true

  json5@2.2.3: {}

  loader-utils@2.0.4:
    dependencies:
      big.js: 5.2.2
      emojis-list: 3.0.0
      json5: 2.2.3

  nanoid@3.3.18: {}

  node-addon-api@7.1.1:
    optional: true

  picocolors@1.1.1: {}

  picomatch@4.0.5:
    optional: true

  postcss@8.5.26:
    dependencies:
      nanoid: 3.3.18
      picocolors: 1.1.1
      source-map-js: 1.2.1

  readdirp@5.1.1:
    optional: true

  reduce-configs@2.0.1: {}

  rxjs@7.8.2:
    dependencies:
      tslib: 2.8.1

  sass-embedded-all-unknown@1.103.1:
    dependencies:
      sass: 1.103.1
    optional: true

  sass-embedded-android-arm64@1.103.1:
    optional: true

  sass-embedded-android-arm@1.103.1:
    optional: true

  sass-embedded-android-riscv64@1.103.1:
    optional: true

  sass-embedded-android-x64@1.103.1:
    optional: true

  sass-embedded-darwin-arm64@1.103.1:
    optional: true

  sass-embedded-darwin-x64@1.103.1:
    optional: true

  sass-embedded-linux-arm64@1.103.1:
    optional: true

  sass-embedded-linux-arm@1.103.1:
    optional: true

  sass-embedded-linux-musl-arm64@1.103.1:
    optional: true

  sass-embedded-linux-musl-arm@1.103.1:
    optional: true

  sass-embedded-linux-musl-riscv64@1.103.1:
    optional: true

  sass-embedded-linux-musl-x64@1.103.1:
    optional: true

  sass-embedded-linux-riscv64@1.103.1:
    optional: true

  sass-embedded-linux-x64@1.103.1:
    optional: true

  sass-embedded-unknown-all@1.103.1:
    dependencies:
      sass: 1.103.1
    optional: true

  sass-embedded-win32-arm64@1.103.1:
    optional: true

  sass-embedded-win32-x64@1.103.1:
    optional: true

  sass-embedded@1.103.1:
    dependencies:
      '@bufbuild/protobuf': 2.14.0
      colorjs.io: 0.7.1
      immutable: 5.1.9
      rxjs: 7.8.2
      supports-color: 8.1.1
      sync-child-process: 1.0.2
      varint: 6.0.0
    optionalDependencies:
      sass-embedded-all-unknown: 1.103.1
      sass-embedded-android-arm: 1.103.1
      sass-embedded-android-arm64: 1.103.1
      sass-embedded-android-riscv64: 1.103.1
      sass-embedded-android-x64: 1.103.1
      sass-embedded-darwin-arm64: 1.103.1
      sass-embedded-darwin-x64: 1.103.1
      sass-embedded-linux-arm: 1.103.1
      sass-embedded-linux-arm64: 1.103.1
      sass-embedded-linux-musl-arm: 1.103.1
      sass-embedded-linux-musl-arm64: 1.103.1
      sass-embedded-linux-musl-riscv64: 1.103.1
      sass-embedded-linux-musl-x64: 1.103.1
      sass-embedded-linux-riscv64: 1.103.1
      sass-embedded-linux-x64: 1.103.1
      sass-embedded-unknown-all: 1.103.1
      sass-embedded-win32-arm64: 1.103.1
      sass-embedded-win32-x64: 1.103.1

  sass@1.103.1:
    dependencies:
      chokidar: 5.0.0
      immutable: 5.1.9
      source-map-js: 1.2.1
    optionalDependencies:
      '@parcel/watcher': 2.6.0
    optional: true

  source-map-js@1.2.1: {}

  supports-color@8.1.1:
    dependencies:
      has-flag: 4.0.0

  sync-child-process@1.0.2:
    dependencies:
      sync-message-port: 1.2.0

  sync-message-port@1.2.0: {}

  tslib@2.8.1: {}

  varint@6.0.0: {}
